{
  "name": "portfolio",
  "version": "1.0.0",
  "lockfileVersion": 2,
  "requires": true,
  "packages": {
    "": {
      "name": "portfolio",
      "version": "1.0.0",
      "license": "ISC",
      "dependencies": {
        "@splidejs/splide": "^4.0.2",
        "animejs": "^3.2.1",
        "scss": "^0.2.4",
        "tsc": "^2.0.4"
      }
    },
    "node_modules/@splidejs/splide": {
      "version": "4.0.2",
      "resolved": "https://registry.npmjs.org/@splidejs/splide/-/splide-4.0.2.tgz",
      "integrity": "sha512-ZKmgJh/E86K4gRXC3Nj0ZbK7wWc4Y0DWhV/nzn9stfTcWl4kRTdm1ZqjObTFvOwgGNxo/YfeOd5XyyqgChwVrw=="
    },
    "node_modules/animejs": {
      "version": "3.2.1",
      "resolved": "https://registry.npmjs.org/animejs/-/animejs-3.2.1.tgz",
      "integrity": "sha512-sWno3ugFryK5nhiDm/2BKeFCpZv7vzerWUcUPyAZLDhMek3+S/p418ldZJbJXo5ZUOpfm2kP2XRO4NJcULMy9A=="
    },
    "node_modules/ometa": {
      "version": "0.2.2",
      "resolved": "https://registry.npmjs.org/ometa/-/ometa-0.2.2.tgz",
      "integrity": "sha1-9TxHNbptVq9aRrBN+3xDNMWW1E4=",
      "engines": {
        "node": ">= 0.2.0"
      }
    },
    "node_modules/scss": {
      "version": "0.2.4",
      "resolved": "https://registry.npmjs.org/scss/-/scss-0.2.4.tgz",
      "integrity": "sha1-BA2QPtN8XU+krTOuH9OJrBKk4GU=",
      "dependencies": {
        "ometa": "0.2.2"
      },
      "engines": {
        "node": ">= 0.2.0"
      }
    },
    "node_modules/tsc": {
      "version": "2.0.4",
      "resolved": "https://registry.npmjs.org/tsc/-/tsc-2.0.4.tgz",
      "integrity": "sha512-fzoSieZI5KKJVBYGvwbVZs/J5za84f2lSTLPYf6AGiIf43tZ3GNrI1QzTLcjtyDDP4aLxd46RTZq1nQxe7+k5Q==",
      "bin": {
        "tsc": "bin/tsc"
      }
    }
  },
  "dependencies": {
    "@splidejs/splide": {
      "version": "4.0.2",
      "resolved": "https://registry.npmjs.org/@splidejs/splide/-/splide-4.0.2.tgz",
      "integrity": "sha512-ZKmgJh/E86K4gRXC3Nj0ZbK7wWc4Y0DWhV/nzn9stfTcWl4kRTdm1ZqjObTFvOwgGNxo/YfeOd5XyyqgChwVrw=="
    },
    "animejs": {
      "version": "3.2.1",
      "resolved": "https://registry.npmjs.org/animejs/-/animejs-3.2.1.tgz",
      "integrity": "sha512-sWno3ugFryK5nhiDm/2BKeFCpZv7vzerWUcUPyAZLDhMek3+S/p418ldZJbJXo5ZUOpfm2kP2XRO4NJcULMy9A=="
    },
    "ometa": {
      "version": "0.2.2",
      "resolved": "https://registry.npmjs.org/ometa/-/ometa-0.2.2.tgz",
      "integrity": "sha1-9TxHNbptVq9aRrBN+3xDNMWW1E4="
    },
    "scss": {
      "version": "0.2.4",
      "resolved": "https://registry.npmjs.org/scss/-/scss-0.2.4.tgz",
      "integrity": "sha1-BA2QPtN8XU+krTOuH9OJrBKk4GU=",
      "requires": {
        "ometa": "0.2.2"
      }
    },
    "tsc": {
      "version": "2.0.4",
      "resolved": "https://registry.npmjs.org/tsc/-/tsc-2.0.4.tgz",
      "integrity": "sha512-fzoSieZI5KKJVBYGvwbVZs/J5za84f2lSTLPYf6AGiIf43tZ3GNrI1QzTLcjtyDDP4aLxd46RTZq1nQxe7+k5Q=="
    }
  }
}
